
Microsoft Visual Studio Solution File, Format Version 12.00
# Visual Studio 2012
Project("{FAE04EC0-301F-11D3-BF4B-00C04F79EFBC}") = "Courses_app", "Courses_app.csproj", "{C308B26E-7721-4633-BD54-6B7E1688026A}"
EndProject
Global
	GlobalSection(SolutionConfigurationPlatforms) = preSolution
		Debug|Any CPU = Debug|Any CPU
		Release|Any CPU = Release|Any CPU
	EndGlobalSection
	GlobalSection(ProjectConfigurationPlatforms) = postSolution
		{C308B26E-7721-4633-BD54-6B7E1688026A}.Debug|Any CPU.ActiveCfg = Debug|Any CPU
		{C308B26E-7721-4633-BD54-6B7E1688026A}.Debug|Any CPU.Build.0 = Debug|Any CPU
		{C308B26E-7721-4633-BD54-6B7E1688026A}.Release|Any CPU.ActiveCfg = Release|Any CPU
		{C308B26E-7721-4633-BD54-6B7E1688026A}.Release|Any CPU.Build.0 = Release|Any CPU
	EndGlobalSection
EndGlobal
